
Microsoft Visual Studio Solution File, Format Version 12.00
# Visual Studio Version 16
VisualStudioVersion = 16.0.30611.23
MinimumVisualStudioVersion = 10.0.40219.1
Project("{FAE04EC0-301F-11D3-BF4B-00C04F79EFBC}") = "Joint.CQRS.Events", "Joint.CQRS.Events\Joint.CQRS.Events.csproj", "{1E0A3CD4-0BD5-4EA3-AFE4-91DFE368CC6F}"
EndProject
Global
	GlobalSection(SolutionConfigurationPlatforms) = preSolution
		Debug|Any CPU = Debug|Any CPU
		Release|Any CPU = Release|Any CPU
	EndGlobalSection
	GlobalSection(ProjectConfigurationPlatforms) = postSolution
		{1E0A3CD4-0BD5-4EA3-AFE4-91DFE368CC6F}.Debug|Any CPU.ActiveCfg = Debug|Any CPU
		{1E0A3CD4-0BD5-4EA3-AFE4-91DFE368CC6F}.Debug|Any CPU.Build.0 = Debug|Any CPU
		{1E0A3CD4-0BD5-4EA3-AFE4-91DFE368CC6F}.Release|Any CPU.ActiveCfg = Release|Any CPU
		{1E0A3CD4-0BD5-4EA3-AFE4-91DFE368CC6F}.Release|Any CPU.Build.0 = Release|Any CPU
	EndGlobalSection
	GlobalSection(SolutionProperties) = preSolution
		HideSolutionNode = FALSE
	EndGlobalSection
	GlobalSection(ExtensibilityGlobals) = postSolution
		SolutionGuid = {78C8D1BD-7AEA-4866-909F-93521C6AB6C3}
	EndGlobalSection
EndGlobal
